
Microsoft Visual Studio Solution File, Format Version 12.00
# Visual Studio 15
VisualStudioVersion = 15.0.28010.2026
MinimumVisualStudioVersion = 10.0.40219.1
Project("{FAE04EC0-301F-11D3-BF4B-00C04F79EFBC}") = "SalesWebMVC", "SalesWebMVC\SalesWebMVC.csproj", "{ED028989-7D10-4CFD-90C7-520B002B2960}"
EndProject
Global
	GlobalSection(SolutionConfigurationPlatforms) = preSolution
		Debug|Any CPU = Debug|Any CPU
		Release|Any CPU = Release|Any CPU
	EndGlobalSection
	GlobalSection(ProjectConfigurationPlatforms) = postSolution
		{ED028989-7D10-4CFD-90C7-520B002B2960}.Debug|Any CPU.ActiveCfg = Debug|Any CPU
		{ED028989-7D10-4CFD-90C7-520B002B2960}.Debug|Any CPU.Build.0 = Debug|Any CPU
		{ED028989-7D10-4CFD-90C7-520B002B2960}.Release|Any CPU.ActiveCfg = Release|Any CPU
		{ED028989-7D10-4CFD-90C7-520B002B2960}.Release|Any CPU.Build.0 = Release|Any CPU
	EndGlobalSection
	GlobalSection(SolutionProperties) = preSolution
		HideSolutionNode = FALSE
	EndGlobalSection
	GlobalSection(ExtensibilityGlobals) = postSolution
		SolutionGuid = {8CDC0714-CC5F-4499-8499-1CE7C3B5AC2F}
	EndGlobalSection
EndGlobal
